
Microsoft Visual Studio Solution File, Format Version 12.00
# Visual Studio 2012
Project("{FAE04EC0-301F-11D3-BF4B-00C04F79EFBC}") = "YBMForms", "YBMForms\YBMForms.csproj", "{3433A471-E3F0-444D-B30C-51C8C8D73765}"
EndProject
Global
	GlobalSection(SolutionConfigurationPlatforms) = preSolution
		Debug|Any CPU = Debug|Any CPU
		Release|Any CPU = Release|Any CPU
	EndGlobalSection
	GlobalSection(ProjectConfigurationPlatforms) = postSolution
		{3433A471-E3F0-444D-B30C-51C8C8D73765}.Debug|Any CPU.ActiveCfg = Debug|Any CPU
		{3433A471-E3F0-444D-B30C-51C8C8D73765}.Debug|Any CPU.Build.0 = Debug|Any CPU
		{3433A471-E3F0-444D-B30C-51C8C8D73765}.Release|Any CPU.ActiveCfg = Release|Any CPU
		{3433A471-E3F0-444D-B30C-51C8C8D73765}.Release|Any CPU.Build.0 = Release|Any CPU
	EndGlobalSection
	GlobalSection(SolutionProperties) = preSolution
		HideSolutionNode = FALSE
	EndGlobalSection
EndGlobal
